
Microsoft Visual Studio Solution File, Format Version 12.00
# Visual Studio Version 17
VisualStudioVersion = 17.5.33530.505
MinimumVisualStudioVersion = 10.0.40219.1
Project("{FAE04EC0-301F-11D3-BF4B-00C04F79EFBC}") = "FinalProject_DSA_UTEPSA_v1", "FinalProject_DSA_UTEPSA_v1.csproj", "{D0DB319B-D2BE-4892-BDA2-1A969C554BDA}"
EndProject
Global
	GlobalSection(SolutionConfigurationPlatforms) = preSolution
		Debug|Any CPU = Debug|Any CPU
		Release|Any CPU = Release|Any CPU
	EndGlobalSection
	GlobalSection(ProjectConfigurationPlatforms) = postSolution
		{D0DB319B-D2BE-4892-BDA2-1A969C554BDA}.Debug|Any CPU.ActiveCfg = Debug|Any CPU
		{D0DB319B-D2BE-4892-BDA2-1A969C554BDA}.Debug|Any CPU.Build.0 = Debug|Any CPU
		{D0DB319B-D2BE-4892-BDA2-1A969C554BDA}.Release|Any CPU.ActiveCfg = Release|Any CPU
		{D0DB319B-D2BE-4892-BDA2-1A969C554BDA}.Release|Any CPU.Build.0 = Release|Any CPU
	EndGlobalSection
	GlobalSection(SolutionProperties) = preSolution
		HideSolutionNode = FALSE
	EndGlobalSection
	GlobalSection(ExtensibilityGlobals) = postSolution
		SolutionGuid = {12719D8A-685D-472A-A281-CA4B99C21C7D}
	EndGlobalSection
EndGlobal
